// !$*UTF8*$!
{
	archiveVersion = 1;
	classes = {
	};
	objectVersion = 56;
	objects = {

/* Begin PBXBuildFile section */
		F2533D2A2949F5AB00963273 /* AppDelegate.swift in Sources */ = {isa = PBXBuildFile; fileRef = F2533D292949F5AB00963273 /* AppDelegate.swift */; };
		F2533D2E2949F5AB00963273 /* ViewController.swift in Sources */ = {isa = PBXBuildFile; fileRef = F2533D2D2949F5AB00963273 /* ViewController.swift */; };
		F2533D332949F5AD00963273 /* Assets.xcassets in Resources */ = {isa = PBXBuildFile; fileRef = F2533D322949F5AD00963273 /* Assets.xcassets */; };
		F2533D362949F5AD00963273 /* LaunchScreen.storyboard in Resources */ = {isa = PBXBuildFile; fileRef = F2533D342949F5AD00963273 /* LaunchScreen.storyboard */; };
		F2533D3F294A0C0B00963273 /* PasswordTextField.swift in Sources */ = {isa = PBXBuildFile; fileRef = F2533D3E294A0C0B00963273 /* PasswordTextField.swift */; };
		F2533D43294A299400963273 /* PasswordCriteriaView.swift in Sources */ = {isa = PBXBuildFile; fileRef = F2533D42294A299400963273 /* PasswordCriteriaView.swift */; };
		F2533D45294A32A300963273 /* PasswordStatusView.swift in Sources */ = {isa = PBXBuildFile; fileRef = F2533D44294A32A300963273 /* PasswordStatusView.swift */; };
/* End PBXBuildFile section */

/* Begin PBXFileReference section */
		F2533D262949F5AB00963273 /* Password.app */ = {isa = PBXFileReference; explicitFileType = wrapper.application; includeInIndex = 0; path = Password.app; sourceTree = BUILT_PRODUCTS_DIR; };
		F2533D292949F5AB00963273 /* AppDelegate.swift */ = {isa = PBXFileReference; lastKnownFileType = sourcecode.swift; path = AppDelegate.swift; sourceTree = "<group>"; };
		F2533D2D2949F5AB00963273 /* ViewController.swift */ = {isa = PBXFileReference; lastKnownFileType = sourcecode.swift; path = ViewController.swift; sourceTree = "<group>"; };
		F2533D322949F5AD00963273 /* Assets.xcassets */ = {isa = PBXFileReference; lastKnownFileType = folder.assetcatalog; path = Assets.xcassets; sourceTree = "<group>"; };
		F2533D352949F5AD00963273 /* Base */ = {isa = PBXFileReference; lastKnownFileType = file.storyboard; name = Base; path = Base.lproj/LaunchScreen.storyboard; sourceTree = "<group>"; };
		F2533D372949F5AD00963273 /* Info.plist */ = {isa = PBXFileReference; lastKnownFileType = text.plist.xml; path = Info.plist; sourceTree = "<group>"; };
		F2533D3E294A0C0B00963273 /* PasswordTextField.swift */ = {isa = PBXFileReference; lastKnownFileType = sourcecode.swift; path = PasswordTextField.swift; sourceTree = "<group>"; };
		F2533D42294A299400963273 /* PasswordCriteriaView.swift */ = {isa = PBXFileReference; lastKnownFileType = sourcecode.swift; path = PasswordCriteriaView.swift; sourceTree = "<group>"; };
		F2533D44294A32A300963273 /* PasswordStatusView.swift */ = {isa = PBXFileReference; lastKnownFileType = sourcecode.swift; path = PasswordStatusView.swift; sourceTree = "<group>"; };
/* End PBXFileReference section */

/* Begin PBXFrameworksBuildPhase section */
		F2533D232949F5AB00963273 /* Frameworks */ = {
			isa = PBXFrameworksBuildPhase;
			buildActionMask = 2147483647;
			files = (
			);
			runOnlyForDeploymentPostprocessing = 0;
		};
/* End PBXFrameworksBuildPhase section */

/* Begin PBXGroup section */
		F2533D1D2949F5AB00963273 = {
			isa = PBXGroup;
			children = (
				F2533D282949F5AB00963273 /* Password */,
				F2533D272949F5AB00963273 /* Products */,
			);
			sourceTree = "<group>";
		};
		F2533D272949F5AB00963273 /* Products */ = {
			isa = PBXGroup;
			children = (
				F2533D262949F5AB00963273 /* Password.app */,
			);
			name = Products;
			sourceTree = "<group>";
		};
		F2533D282949F5AB00963273 /* Password */ = {
			isa = PBXGroup;
			children = (
				F2533D3D2949F7D800963273 /* Files */,
				F2533D292949F5AB00963273 /* AppDelegate.swift */,
				F2533D2D2949F5AB00963273 /* ViewController.swift */,
				F2533D3E294A0C0B00963273 /* PasswordTextField.swift */,
				F2533D41294A296A00963273 /* PasswordStatusView */,
			);
			path = Password;
			sourceTree = "<group>";
		};
		F2533D3D2949F7D800963273 /* Files */ = {
			isa = PBXGroup;
			children = (
				F2533D322949F5AD00963273 /* Assets.xcassets */,
				F2533D342949F5AD00963273 /* LaunchScreen.storyboard */,
				F2533D372949F5AD00963273 /* Info.plist */,
			);
			name = Files;
			sourceTree = "<group>";
		};
		F2533D41294A296A00963273 /* PasswordStatusView */ = {
			isa = PBXGroup;
			children = (
				F2533D42294A299400963273 /* PasswordCriteriaView.swift */,
				F2533D44294A32A300963273 /* PasswordStatusView.swift */,
			);
			path = PasswordStatusView;
			sourceTree = "<group>";
		};
/* End PBXGroup section */

/* Begin PBXNativeTarget section */
		F2533D252949F5AB00963273 /* Password */ = {
			isa = PBXNativeTarget;
			buildConfigurationList = F2533D3A2949F5AD00963273 /* Build configuration list for PBXNativeTarget "Password" */;
			buildPhases = (
				F2533D222949F5AB00963273 /* Sources */,
				F2533D232949F5AB00963273 /* Frameworks */,
				F2533D242949F5AB00963273 /* Resources */,
			);
			buildRules = (
			);
			dependencies = (
			);
			name = Password;
			productName = Password;
			productReference = F2533D262949F5AB00963273 /* Password.app */;
			productType = "com.apple.product-type.application";
		};
/* End PBXNativeTarget section */

/* Begin PBXProject section */
		F2533D1E2949F5AB00963273 /* Project object */ = {
			isa = PBXProject;
			attributes = {
				BuildIndependentTargetsInParallel = 1;
				LastSwiftUpdateCheck = 1420;
				LastUpgradeCheck = 1420;
				TargetAttributes = {
					F2533D252949F5AB00963273 = {
						CreatedOnToolsVersion = 14.2;
					};
				};
			};
			buildConfigurationList = F2533D212949F5AB00963273 /* Build configuration list for PBXProject "Password" */;
			compatibilityVersion = "Xcode 14.0";
			developmentRegion = en;
			hasScannedForEncodings = 0;
			knownRegions = (
				en,
				Base,
			);
			mainGroup = F2533D1D2949F5AB00963273;
			productRefGroup = F2533D272949F5AB00963273 /* Products */;
			projectDirPath = "";
			projectRoot = "";
			targets = (
				F2533D252949F5AB00963273 /* Password */,
			);
		};
/* End PBXProject section */

/* Begin PBXResourcesBuildPhase section */
		F2533D242949F5AB00963273 /* Resources */ = {
			isa = PBXResourcesBuildPhase;
			buildActionMask = 2147483647;
			files = (
				F2533D362949F5AD00963273 /* LaunchScreen.storyboard in Resources */,
				F2533D332949F5AD00963273 /* Assets.xcassets in Resources */,
			);
			runOnlyForDeploymentPostprocessing = 0;
		};
/* End PBXResourcesBuildPhase section */

/* Begin PBXSourcesBuildPhase section */
		F2533D222949F5AB00963273 /* Sources */ = {
			isa = PBXSourcesBuildPhase;
			buildActionMask = 2147483647;
			files = (
				F2533D2E2949F5AB00963273 /* ViewController.swift in Sources */,
				F2533D2A2949F5AB00963273 /* AppDelegate.swift in Sources */,
				F2533D43294A299400963273 /* PasswordCriteriaView.swift in Sources */,
				F2533D45294A32A300963273 /* PasswordStatusView.swift in Sources */,
				F2533D3F294A0C0B00963273 /* PasswordTextField.swift in Sources */,
			);
			runOnlyForDeploymentPostprocessing = 0;
		};
/* End PBXSourcesBuildPhase section */

/* Begin PBXVariantGroup section */
		F2533D342949F5AD00963273 /* LaunchScreen.storyboard */ = {
			isa = PBXVariantGroup;
			children = (
				F2533D352949F5AD00963273 /* Base */,
			);
			name = LaunchScreen.storyboard;
			sourceTree = "<group>";
		};
/* End PBXVariantGroup section */

/* Begin XCBuildConfiguration section */
		F2533D382949F5AD00963273 /* Debug */ = {
			isa = XCBuildConfiguration;
			buildSettings = {
				ALWAYS_SEARCH_USER_PATHS = NO;
				CLANG_ANALYZER_NONNULL = YES;
				CLANG_ANALYZER_NUMBER_OBJECT_CONVERSION = YES_AGGRESSIVE;
				CLANG_CXX_LANGUAGE_STANDARD = "gnu++20";
				CLANG_ENABLE_MODULES = YES;
				CLANG_ENABLE_OBJC_ARC = YES;
				CLANG_ENABLE_OBJC_WEAK = YES;
				CLANG_WARN_BLOCK_CAPTURE_AUTORELEASING = YES;
				CLANG_WARN_BOOL_CONVERSION = YES;
				CLANG_WARN_COMMA = YES;
				CLANG_WARN_CONSTANT_CONVERSION = YES;
				CLANG_WARN_DEPRECATED_OBJC_IMPLEMENTATIONS = YES;
				CLANG_WARN_DIRECT_OBJC_ISA_USAGE = YES_ERROR;
				CLANG_WARN_DOCUMENTATION_COMMENTS = YES;
				CLANG_WARN_EMPTY_BODY = YES;
				CLANG_WARN_ENUM_CONVERSION = YES;
				CLANG_WARN_INFINITE_RECURSION = YES;
				CLANG_WARN_INT_CONVERSION = YES;
				CLANG_WARN_NON_LITERAL_NULL_CONVERSION = YES;
				CLANG_WARN_OBJC_IMPLICIT_RETAIN_SELF = YES;
				CLANG_WARN_OBJC_LITERAL_CONVERSION = YES;
				CLANG_WARN_OBJC_ROOT_CLASS = YES_ERROR;
				CLANG_WARN_QUOTED_INCLUDE_IN_FRAMEWORK_HEADER = YES;
				CLANG_WARN_RANGE_LOOP_ANALYSIS = YES;
				CLANG_WARN_STRICT_PROTOTYPES = YES;
				CLANG_WARN_SUSPICIOUS_MOVE = YES;
				CLANG_WARN_UNGUARDED_AVAILABILITY = YES_AGGRESSIVE;
				CLANG_WARN_UNREACHABLE_CODE = YES;
				CLANG_WARN__DUPLICATE_METHOD_MATCH = YES;
				COPY_PHASE_STRIP = NO;
				DEBUG_INFORMATION_FORMAT = dwarf;
				ENABLE_STRICT_OBJC_MSGSEND = YES;
				ENABLE_TESTABILITY = YES;
				GCC_C_LANGUAGE_STANDARD = gnu11;
				GCC_DYNAMIC_NO_PIC = NO;
				GCC_NO_COMMON_BLOCKS = YES;
				GCC_OPTIMIZATION_LEVEL = 0;
				GCC_PREPROCESSOR_DEFINITIONS = (
					"DEBUG=1",
					"$(inherited)",
				);
				GCC_WARN_64_TO_32_BIT_CONVERSION = YES;
				GCC_WARN_ABOUT_RETURN_TYPE = YES_ERROR;
				GCC_WARN_UNDECLARED_SELECTOR = YES;
				GCC_WARN_UNINITIALIZED_AUTOS = YES_AGGRESSIVE;
				GCC_WARN_UNUSED_FUNCTION = YES;
				GCC_WARN_UNUSED_VARIABLE = YES;
				IPHONEOS_DEPLOYMENT_TARGET = 16.2;
				MTL_ENABLE_DEBUG_INFO = INCLUDE_SOURCE;
				MTL_FAST_MATH = YES;
				ONLY_ACTIVE_ARCH = YES;
				SDKROOT = iphoneos;
				SWIFT_ACTIVE_COMPILATION_CONDITIONS = DEBUG;
				SWIFT_OPTIMIZATION_LEVEL = "-Onone";
			};
			name = Debug;
		};
		F2533D392949F5AD00963273 /* Release */ = {
			isa = XCBuildConfiguration;
			buildSettings = {
				ALWAYS_SEARCH_USER_PATHS = NO;
				CLANG_ANALYZER_NONNULL = YES;
				CLANG_ANALYZER_NUMBER_OBJECT_CONVERSION = YES_AGGRESSIVE;
				CLANG_CXX_LANGUAGE_STANDARD = "gnu++20";
				CLANG_ENABLE_MODULES = YES;
				CLANG_ENABLE_OBJC_ARC = YES;
				CLANG_ENABLE_OBJC_WEAK = YES;
				CLANG_WARN_BLOCK_CAPTURE_AUTORELEASING = YES;
				CLANG_WARN_BOOL_CONVERSION = YES;
				CLANG_WARN_COMMA = YES;
				CLANG_WARN_CONSTANT_CONVERSION = YES;
				CLANG_WARN_DEPRECATED_OBJC_IMPLEMENTATIONS = YES;
				CLANG_WARN_DIRECT_OBJC_ISA_USAGE = YES_ERROR;
				CLANG_WARN_DOCUMENTATION_COMMENTS = YES;
				CLANG_WARN_EMPTY_BODY = YES;
				CLANG_WARN_ENUM_CONVERSION = YES;
				CLANG_WARN_INFINITE_RECURSION = YES;
				CLANG_WARN_INT_CONVERSION = YES;
				CLANG_WARN_NON_LITERAL_NULL_CONVERSION = YES;
				CLANG_WARN_OBJC_IMPLICIT_RETAIN_SELF = YES;
				CLANG_WARN_OBJC_LITERAL_CONVERSION = YES;
				CLANG_WARN_OBJC_ROOT_CLASS = YES_ERROR;
				CLANG_WARN_QUOTED_INCLUDE_IN_FRAMEWORK_HEADER = YES;
				CLANG_WARN_RANGE_LOOP_ANALYSIS = YES;
				CLANG_WARN_STRICT_PROTOTYPES = YES;
				CLANG_WARN_SUSPICIOUS_MOVE = YES;
				CLANG_WARN_UNGUARDED_AVAILABILITY = YES_AGGRESSIVE;
				CLANG_WARN_UNREACHABLE_CODE = YES;
				CLANG_WARN__DUPLICATE_METHOD_MATCH = YES;
				COPY_PHASE_STRIP = NO;
				DEBUG_INFORMATION_FORMAT = "dwarf-with-dsym";
				ENABLE_NS_ASSERTIONS = NO;
				ENABLE_STRICT_OBJC_MSGSEND = YES;
				GCC_C_LANGUAGE_STANDARD = gnu11;
				GCC_NO_COMMON_BLOCKS = YES;
				GCC_WARN_64_TO_32_BIT_CONVERSION = YES;
				GCC_WARN_ABOUT_RETURN_TYPE = YES_ERROR;
				GCC_WARN_UNDECLARED_SELECTOR = YES;
				GCC_WARN_UNINITIALIZED_AUTOS = YES_AGGRESSIVE;
				GCC_WARN_UNUSED_FUNCTION = YES;
				GCC_WARN_UNUSED_VARIABLE = YES;
				IPHONEOS_DEPLOYMENT_TARGET = 16.2;
				MTL_ENABLE_DEBUG_INFO = NO;
				MTL_FAST_MATH = YES;
				SDKROOT = iphoneos;
				SWIFT_COMPILATION_MODE = wholemodule;
				SWIFT_OPTIMIZATION_LEVEL = "-O";
				VALIDATE_PRODUCT = YES;
			};
			name = Release;
		};
		F2533D3B2949F5AD00963273 /* Debug */ = {
			isa = XCBuildConfiguration;
			buildSettings = {
				ASSETCATALOG_COMPILER_APPICON_NAME = AppIcon;
				ASSETCATALOG_COMPILER_GLOBAL_ACCENT_COLOR_NAME = AccentColor;
				CODE_SIGN_STYLE = Automatic;
				CURRENT_PROJECT_VERSION = 1;
				GENERATE_INFOPLIST_FILE = YES;
				INFOPLIST_FILE = Password/Info.plist;
				INFOPLIST_KEY_UIApplicationSupportsIndirectInputEvents = YES;
				INFOPLIST_KEY_UILaunchStoryboardName = LaunchScreen;
				INFOPLIST_KEY_UISupportedInterfaceOrientations_iPad = "UIInterfaceOrientationPortrait UIInterfaceOrientationPortraitUpsideDown UIInterfaceOrientationLandscapeLeft UIInterfaceOrientationLandscapeRight";
				INFOPLIST_KEY_UISupportedInterfaceOrientations_iPhone = "UIInterfaceOrientationPortrait UIInterfaceOrientationLandscapeLeft UIInterfaceOrientationLandscapeRight";
				LD_RUNPATH_SEARCH_PATHS = (
					"$(inherited)",
					"@executable_path/Frameworks",
				);
				MARKETING_VERSION = 1.0;
				PRODUCT_BUNDLE_IDENTIFIER = com.dsa.Password;
				PRODUCT_NAME = "$(TARGET_NAME)";
				SWIFT_EMIT_LOC_STRINGS = YES;
				SWIFT_VERSION = 5.0;
				TARGETED_DEVICE_FAMILY = "1,2";
			};
			name = Debug;
		};
		F2533D3C2949F5AD00963273 /* Release */ = {
			isa = XCBuildConfiguration;
			buildSettings = {
				ASSETCATALOG_COMPILER_APPICON_NAME = AppIcon;
				ASSETCATALOG_COMPILER_GLOBAL_ACCENT_COLOR_NAME = AccentColor;
				CODE_SIGN_STYLE = Automatic;
				CURRENT_PROJECT_VERSION = 1;
				GENERATE_INFOPLIST_FILE = YES;
				INFOPLIST_FILE = Password/Info.plist;
				INFOPLIST_KEY_UIApplicationSupportsIndirectInputEvents = YES;
				INFOPLIST_KEY_UILaunchStoryboardName = LaunchScreen;
				INFOPLIST_KEY_UISupportedInterfaceOrientations_iPad = "UIInterfaceOrientationPortrait UIInterfaceOrientationPortraitUpsideDown UIInterfaceOrientationLandscapeLeft UIInterfaceOrientationLandscapeRight";
				INFOPLIST_KEY_UISupportedInterfaceOrientations_iPhone = "UIInterfaceOrientationPortrait UIInterfaceOrientationLandscapeLeft UIInterfaceOrientationLandscapeRight";
				LD_RUNPATH_SEARCH_PATHS = (
					"$(inherited)",
					"@executable_path/Frameworks",
				);
				MARKETING_VERSION = 1.0;
				PRODUCT_BUNDLE_IDENTIFIER = com.dsa.Password;
				PRODUCT_NAME = "$(TARGET_NAME)";
				SWIFT_EMIT_LOC_STRINGS = YES;
				SWIFT_VERSION = 5.0;
				TARGETED_DEVICE_FAMILY = "1,2";
			};
			name = Release;
		};
/* End XCBuildConfiguration section */

/* Begin XCConfigurationList section */
		F2533D212949F5AB00963273 /* Build configuration list for PBXProject "Password" */ = {
			isa = XCConfigurationList;
			buildConfigurations = (
				F2533D382949F5AD00963273 /* Debug */,
				F2533D392949F5AD00963273 /* Release */,
			);
			defaultConfigurationIsVisible = 0;
			defaultConfigurationName = Release;
		};
		F2533D3A2949F5AD00963273 /* Build configuration list for PBXNativeTarget "Password" */ = {
			isa = XCConfigurationList;
			buildConfigurations = (
				F2533D3B2949F5AD00963273 /* Debug */,
				F2533D3C2949F5AD00963273 /* Release */,
			);
			defaultConfigurationIsVisible = 0;
			defaultConfigurationName = Release;
		};
/* End XCConfigurationList section */
	};
	rootObject = F2533D1E2949F5AB00963273 /* Project object */;
}
